
Microsoft Visual Studio Solution File, Format Version 12.00
# Visual Studio 15
VisualStudioVersion = 15.0.27130.2010
MinimumVisualStudioVersion = 10.0.40219.1
Project("{FAE04EC0-301F-11D3-BF4B-00C04F79EFBC}") = "FreeDevsNotifier", "FreeDevsNotifier\FreeDevsNotifier.csproj", "{CAFCF99D-AF6E-413D-BDDF-56AB17A31375}"
EndProject
Global
	GlobalSection(SolutionConfigurationPlatforms) = preSolution
		Debug|Any CPU = Debug|Any CPU
		Release|Any CPU = Release|Any CPU
	EndGlobalSection
	GlobalSection(ProjectConfigurationPlatforms) = postSolution
		{CAFCF99D-AF6E-413D-BDDF-56AB17A31375}.Debug|Any CPU.ActiveCfg = Debug|Any CPU
		{CAFCF99D-AF6E-413D-BDDF-56AB17A31375}.Debug|Any CPU.Build.0 = Debug|Any CPU
		{CAFCF99D-AF6E-413D-BDDF-56AB17A31375}.Release|Any CPU.ActiveCfg = Release|Any CPU
		{CAFCF99D-AF6E-413D-BDDF-56AB17A31375}.Release|Any CPU.Build.0 = Release|Any CPU
	EndGlobalSection
	GlobalSection(SolutionProperties) = preSolution
		HideSolutionNode = FALSE
	EndGlobalSection
	GlobalSection(ExtensibilityGlobals) = postSolution
		SolutionGuid = {B4927A13-5774-4C0E-A36C-DE86255C3CB3}
	EndGlobalSection
EndGlobal
